
Microsoft Visual Studio Solution File, Format Version 12.00
# Visual Studio Version 17
VisualStudioVersion = 17.8.34316.72
MinimumVisualStudioVersion = 10.0.40219.1
Project("{FAE04EC0-301F-11D3-BF4B-00C04F79EFBC}") = "TP_WikY_API", "TP_WikY_API\TP_WikY_API.csproj", "{B6D9841A-E3D9-419C-9657-9272095FB73B}"
EndProject
Project("{FAE04EC0-301F-11D3-BF4B-00C04F79EFBC}") = "Repositories", "Repositories\Repositories.csproj", "{2E61B5F9-F8DC-44A2-B7F7-1A269D126D8F}"
EndProject
Project("{FAE04EC0-301F-11D3-BF4B-00C04F79EFBC}") = "IRepositories", "IRepositories\IRepositories.csproj", "{0FB89A21-EEE8-4156-A98D-C298B2CA7F75}"
EndProject
Project("{FAE04EC0-301F-11D3-BF4B-00C04F79EFBC}") = "Models", "Models\Models.csproj", "{33D84707-74BA-4F1F-8949-0787E5939051}"
EndProject
Project("{FAE04EC0-301F-11D3-BF4B-00C04F79EFBC}") = "DTOs", "DTOs\DTOs.csproj", "{5C9FA9F5-B19B-419C-90D2-1DEC42B17C76}"
EndProject
Global
	GlobalSection(SolutionConfigurationPlatforms) = preSolution
		Debug|Any CPU = Debug|Any CPU
		Release|Any CPU = Release|Any CPU
	EndGlobalSection
	GlobalSection(ProjectConfigurationPlatforms) = postSolution
		{B6D9841A-E3D9-419C-9657-9272095FB73B}.Debug|Any CPU.ActiveCfg = Debug|Any CPU
		{B6D9841A-E3D9-419C-9657-9272095FB73B}.Debug|Any CPU.Build.0 = Debug|Any CPU
		{B6D9841A-E3D9-419C-9657-9272095FB73B}.Release|Any CPU.ActiveCfg = Release|Any CPU
		{B6D9841A-E3D9-419C-9657-9272095FB73B}.Release|Any CPU.Build.0 = Release|Any CPU
		{2E61B5F9-F8DC-44A2-B7F7-1A269D126D8F}.Debug|Any CPU.ActiveCfg = Debug|Any CPU
		{2E61B5F9-F8DC-44A2-B7F7-1A269D126D8F}.Debug|Any CPU.Build.0 = Debug|Any CPU
		{2E61B5F9-F8DC-44A2-B7F7-1A269D126D8F}.Release|Any CPU.ActiveCfg = Release|Any CPU
		{2E61B5F9-F8DC-44A2-B7F7-1A269D126D8F}.Release|Any CPU.Build.0 = Release|Any CPU
		{0FB89A21-EEE8-4156-A98D-C298B2CA7F75}.Debug|Any CPU.ActiveCfg = Debug|Any CPU
		{0FB89A21-EEE8-4156-A98D-C298B2CA7F75}.Debug|Any CPU.Build.0 = Debug|Any CPU
		{0FB89A21-EEE8-4156-A98D-C298B2CA7F75}.Release|Any CPU.ActiveCfg = Release|Any CPU
		{0FB89A21-EEE8-4156-A98D-C298B2CA7F75}.Release|Any CPU.Build.0 = Release|Any CPU
		{33D84707-74BA-4F1F-8949-0787E5939051}.Debug|Any CPU.ActiveCfg = Debug|Any CPU
		{33D84707-74BA-4F1F-8949-0787E5939051}.Debug|Any CPU.Build.0 = Debug|Any CPU
		{33D84707-74BA-4F1F-8949-0787E5939051}.Release|Any CPU.ActiveCfg = Release|Any CPU
		{33D84707-74BA-4F1F-8949-0787E5939051}.Release|Any CPU.Build.0 = Release|Any CPU
		{5C9FA9F5-B19B-419C-90D2-1DEC42B17C76}.Debug|Any CPU.ActiveCfg = Debug|Any CPU
		{5C9FA9F5-B19B-419C-90D2-1DEC42B17C76}.Debug|Any CPU.Build.0 = Debug|Any CPU
		{5C9FA9F5-B19B-419C-90D2-1DEC42B17C76}.Release|Any CPU.ActiveCfg = Release|Any CPU
		{5C9FA9F5-B19B-419C-90D2-1DEC42B17C76}.Release|Any CPU.Build.0 = Release|Any CPU
	EndGlobalSection
	GlobalSection(SolutionProperties) = preSolution
		HideSolutionNode = FALSE
	EndGlobalSection
	GlobalSection(ExtensibilityGlobals) = postSolution
		SolutionGuid = {6A117825-3D4E-4870-9305-68526FD7ADCE}
	EndGlobalSection
EndGlobal
